{
  "name": "metadata-generator",
  "version": "1.0.0",
  "lockfileVersion": 1,
  "requires": true,
  "dependencies": {
    "exifreader": {
      "version": "3.12.3",
      "resolved": "https://registry.npmjs.org/exifreader/-/exifreader-3.12.3.tgz",
      "integrity": "sha512-8CtkjDC8xcREleBoFE1xZzkbaEiuLngORo6Xbxn3rPl/NTznTFHK0F9zg5bz5nwWmGDfPArPUXpUyJeHQHy+fA==",
      "requires": {
        "xmldom": "^0.1.31"
      }
    },
    "xmldom": {
      "version": "0.1.31",
      "resolved": "https://registry.npmjs.org/xmldom/-/xmldom-0.1.31.tgz",
      "integrity": "sha512-yS2uJflVQs6n+CyjHoaBmVSqIDevTAWrzMmjG1Gc7h1qQ7uVozNhEPJAwZXWyGQ/Gafo3fCwrcaokezLPupVyQ==",
      "optional": true
    }
  }
}
